
Microsoft Visual Studio Solution File, Format Version 12.00
# Visual Studio 15
VisualStudioVersion = 15.0.26730.12
MinimumVisualStudioVersion = 10.0.40219.1
Project("{FAE04EC0-301F-11D3-BF4B-00C04F79EFBC}") = "MyNextComic.Data", "MyNextComic.Data\MyNextComic.Data.csproj", "{F1B7DD1A-11EA-41CF-80B1-CEA18AA950DD}"
EndProject
Project("{FAE04EC0-301F-11D3-BF4B-00C04F79EFBC}") = "MyNextComic.Services", "MyNextComic.Services\MyNextComic.Services.csproj", "{237A7DC2-5F07-4DEB-B0A8-CEABBE895A78}"
EndProject
Project("{FAE04EC0-301F-11D3-BF4B-00C04F79EFBC}") = "MyNextComic.Contracts", "MyNextComic.Contracts\MyNextComic.Contracts.csproj", "{F2820FF1-C666-4CFF-B27E-CCFD781369BF}"
EndProject
Project("{FAE04EC0-301F-11D3-BF4B-00C04F79EFBC}") = "MyNextComic.Web", "MyNextComic.Web\MyNextComic.Web.csproj", "{ACC9329E-73F7-45BA-B344-BBDF84359470}"
EndProject
Global
	GlobalSection(SolutionConfigurationPlatforms) = preSolution
		Debug|Any CPU = Debug|Any CPU
		Release|Any CPU = Release|Any CPU
	EndGlobalSection
	GlobalSection(ProjectConfigurationPlatforms) = postSolution
		{F1B7DD1A-11EA-41CF-80B1-CEA18AA950DD}.Debug|Any CPU.ActiveCfg = Debug|Any CPU
		{F1B7DD1A-11EA-41CF-80B1-CEA18AA950DD}.Debug|Any CPU.Build.0 = Debug|Any CPU
		{F1B7DD1A-11EA-41CF-80B1-CEA18AA950DD}.Release|Any CPU.ActiveCfg = Release|Any CPU
		{F1B7DD1A-11EA-41CF-80B1-CEA18AA950DD}.Release|Any CPU.Build.0 = Release|Any CPU
		{237A7DC2-5F07-4DEB-B0A8-CEABBE895A78}.Debug|Any CPU.ActiveCfg = Debug|Any CPU
		{237A7DC2-5F07-4DEB-B0A8-CEABBE895A78}.Debug|Any CPU.Build.0 = Debug|Any CPU
		{237A7DC2-5F07-4DEB-B0A8-CEABBE895A78}.Release|Any CPU.ActiveCfg = Release|Any CPU
		{237A7DC2-5F07-4DEB-B0A8-CEABBE895A78}.Release|Any CPU.Build.0 = Release|Any CPU
		{F2820FF1-C666-4CFF-B27E-CCFD781369BF}.Debug|Any CPU.ActiveCfg = Debug|Any CPU
		{F2820FF1-C666-4CFF-B27E-CCFD781369BF}.Debug|Any CPU.Build.0 = Debug|Any CPU
		{F2820FF1-C666-4CFF-B27E-CCFD781369BF}.Release|Any CPU.ActiveCfg = Release|Any CPU
		{F2820FF1-C666-4CFF-B27E-CCFD781369BF}.Release|Any CPU.Build.0 = Release|Any CPU
		{ACC9329E-73F7-45BA-B344-BBDF84359470}.Debug|Any CPU.ActiveCfg = Debug|Any CPU
		{ACC9329E-73F7-45BA-B344-BBDF84359470}.Debug|Any CPU.Build.0 = Debug|Any CPU
		{ACC9329E-73F7-45BA-B344-BBDF84359470}.Release|Any CPU.ActiveCfg = Release|Any CPU
		{ACC9329E-73F7-45BA-B344-BBDF84359470}.Release|Any CPU.Build.0 = Release|Any CPU
	EndGlobalSection
	GlobalSection(SolutionProperties) = preSolution
		HideSolutionNode = FALSE
	EndGlobalSection
	GlobalSection(ExtensibilityGlobals) = postSolution
		SolutionGuid = {FDED85DC-1169-4B46-B053-7BC252A74AD5}
	EndGlobalSection
EndGlobal
